
Microsoft Visual Studio Solution File, Format Version 12.00
# Visual Studio Version 17
VisualStudioVersion = 17.2.32317.152
MinimumVisualStudioVersion = 10.0.40219.1
Project("{FAE04EC0-301F-11D3-BF4B-00C04F79EFBC}") = "UserNotepad", "UserNotepad\UserNotepad.csproj", "{627ECE2B-3097-47B5-B635-8FC4DEE75CEA}"
EndProject
Global
	GlobalSection(SolutionConfigurationPlatforms) = preSolution
		Debug|Any CPU = Debug|Any CPU
		Release|Any CPU = Release|Any CPU
	EndGlobalSection
	GlobalSection(ProjectConfigurationPlatforms) = postSolution
		{627ECE2B-3097-47B5-B635-8FC4DEE75CEA}.Debug|Any CPU.ActiveCfg = Debug|Any CPU
		{627ECE2B-3097-47B5-B635-8FC4DEE75CEA}.Debug|Any CPU.Build.0 = Debug|Any CPU
		{627ECE2B-3097-47B5-B635-8FC4DEE75CEA}.Release|Any CPU.ActiveCfg = Release|Any CPU
		{627ECE2B-3097-47B5-B635-8FC4DEE75CEA}.Release|Any CPU.Build.0 = Release|Any CPU
	EndGlobalSection
	GlobalSection(SolutionProperties) = preSolution
		HideSolutionNode = FALSE
	EndGlobalSection
	GlobalSection(ExtensibilityGlobals) = postSolution
		SolutionGuid = {4F84C19F-F9DD-459C-A3D7-C31A99865452}
	EndGlobalSection
EndGlobal
